
Microsoft Visual Studio Solution File, Format Version 12.00
# Visual Studio Version 16
VisualStudioVersion = 16.0.29306.81
MinimumVisualStudioVersion = 10.0.40219.1
Project("{FAE04EC0-301F-11D3-BF4B-00C04F79EFBC}") = "DEMO2020GameShop", "DEMO2020GameShop\DEMO2020GameShop.csproj", "{99B92089-96C8-48EB-8873-8FAFAA13AE5F}"
EndProject
Global
	GlobalSection(SolutionConfigurationPlatforms) = preSolution
		Debug|Any CPU = Debug|Any CPU
		Release|Any CPU = Release|Any CPU
	EndGlobalSection
	GlobalSection(ProjectConfigurationPlatforms) = postSolution
		{99B92089-96C8-48EB-8873-8FAFAA13AE5F}.Debug|Any CPU.ActiveCfg = Debug|Any CPU
		{99B92089-96C8-48EB-8873-8FAFAA13AE5F}.Debug|Any CPU.Build.0 = Debug|Any CPU
		{99B92089-96C8-48EB-8873-8FAFAA13AE5F}.Release|Any CPU.ActiveCfg = Release|Any CPU
		{99B92089-96C8-48EB-8873-8FAFAA13AE5F}.Release|Any CPU.Build.0 = Release|Any CPU
	EndGlobalSection
	GlobalSection(SolutionProperties) = preSolution
		HideSolutionNode = FALSE
	EndGlobalSection
	GlobalSection(ExtensibilityGlobals) = postSolution
		SolutionGuid = {7D4B7B1C-6E33-42A3-B6EB-4517DEFB6246}
	EndGlobalSection
EndGlobal
